
Microsoft Visual Studio Solution File, Format Version 12.00
# Visual Studio Version 17
VisualStudioVersion = 17.0.31903.59
MinimumVisualStudioVersion = 10.0.40219.1
Project("{2150E333-8FDC-42A3-9474-1A3956D46DE8}") = "src", "src", "{827E0CD3-B72D-47B6-A68D-7590B98EB39B}"
EndProject
Project("{FAE04EC0-301F-11D3-BF4B-00C04F79EFBC}") = "PlateGuard.App", "src\PlateGuard.App\PlateGuard.App.csproj", "{092A6CC9-E518-4172-BE79-44613A24B70B}"
EndProject
Project("{FAE04EC0-301F-11D3-BF4B-00C04F79EFBC}") = "PlateGuard.Core", "src\PlateGuard.Core\PlateGuard.Core.csproj", "{90CB8A2D-921D-4332-875C-CFB89CFE2A1F}"
EndProject
Project("{FAE04EC0-301F-11D3-BF4B-00C04F79EFBC}") = "PlateGuard.Data", "src\PlateGuard.Data\PlateGuard.Data.csproj", "{58F50FE2-7B47-40F6-B725-9B78331FA590}"
EndProject
Project("{2150E333-8FDC-42A3-9474-1A3956D46DE8}") = "tools", "tools", "{07C2787E-EAC7-C090-1BA3-A61EC2A24D84}"
EndProject
Project("{FAE04EC0-301F-11D3-BF4B-00C04F79EFBC}") = "PlateGuard.SmokeTests", "tools\PlateGuard.SmokeTests\PlateGuard.SmokeTests.csproj", "{74283BEC-AA80-4E93-A042-40F21C3AC677}"
EndProject
Project("{2150E333-8FDC-42A3-9474-1A3956D46DE8}") = "tests", "tests", "{0AB3BF05-4346-4AA6-1389-037BE0695223}"
EndProject
Project("{FAE04EC0-301F-11D3-BF4B-00C04F79EFBC}") = "PlateGuard.Core.Tests", "tests\PlateGuard.Core.Tests\PlateGuard.Core.Tests.csproj", "{30F2F107-71A3-44F1-B373-1D826B3038D8}"
EndProject
Project("{FAE04EC0-301F-11D3-BF4B-00C04F79EFBC}") = "PlateGuard.IntegrationTests", "tests\PlateGuard.IntegrationTests\PlateGuard.IntegrationTests.csproj", "{24567355-9F73-404A-82FC-F9CED1D9087E}"
EndProject
Global
	GlobalSection(SolutionConfigurationPlatforms) = preSolution
		Debug|Any CPU = Debug|Any CPU
		Debug|x64 = Debug|x64
		Debug|x86 = Debug|x86
		Release|Any CPU = Release|Any CPU
		Release|x64 = Release|x64
		Release|x86 = Release|x86
	EndGlobalSection
	GlobalSection(ProjectConfigurationPlatforms) = postSolution
		{092A6CC9-E518-4172-BE79-44613A24B70B}.Debug|Any CPU.ActiveCfg = Debug|Any CPU
		{092A6CC9-E518-4172-BE79-44613A24B70B}.Debug|Any CPU.Build.0 = Debug|Any CPU
		{092A6CC9-E518-4172-BE79-44613A24B70B}.Debug|x64.ActiveCfg = Debug|Any CPU
		{092A6CC9-E518-4172-BE79-44613A24B70B}.Debug|x64.Build.0 = Debug|Any CPU
		{092A6CC9-E518-4172-BE79-44613A24B70B}.Debug|x86.ActiveCfg = Debug|Any CPU
		{092A6CC9-E518-4172-BE79-44613A24B70B}.Debug|x86.Build.0 = Debug|Any CPU
		{092A6CC9-E518-4172-BE79-44613A24B70B}.Release|Any CPU.ActiveCfg = Release|Any CPU
		{092A6CC9-E518-4172-BE79-44613A24B70B}.Release|Any CPU.Build.0 = Release|Any CPU
		{092A6CC9-E518-4172-BE79-44613A24B70B}.Release|x64.ActiveCfg = Release|Any CPU
		{092A6CC9-E518-4172-BE79-44613A24B70B}.Release|x64.Build.0 = Release|Any CPU
		{092A6CC9-E518-4172-BE79-44613A24B70B}.Release|x86.ActiveCfg = Release|Any CPU
		{092A6CC9-E518-4172-BE79-44613A24B70B}.Release|x86.Build.0 = Release|Any CPU
		{90CB8A2D-921D-4332-875C-CFB89CFE2A1F}.Debug|Any CPU.ActiveCfg = Debug|Any CPU
		{90CB8A2D-921D-4332-875C-CFB89CFE2A1F}.Debug|Any CPU.Build.0 = Debug|Any CPU
		{90CB8A2D-921D-4332-875C-CFB89CFE2A1F}.Debug|x64.ActiveCfg = Debug|Any CPU
		{90CB8A2D-921D-4332-875C-CFB89CFE2A1F}.Debug|x64.Build.0 = Debug|Any CPU
		{90CB8A2D-921D-4332-875C-CFB89CFE2A1F}.Debug|x86.ActiveCfg = Debug|Any CPU
		{90CB8A2D-921D-4332-875C-CFB89CFE2A1F}.Debug|x86.Build.0 = Debug|Any CPU
		{90CB8A2D-921D-4332-875C-CFB89CFE2A1F}.Release|Any CPU.ActiveCfg = Release|Any CPU
		{90CB8A2D-921D-4332-875C-CFB89CFE2A1F}.Release|Any CPU.Build.0 = Release|Any CPU
		{90CB8A2D-921D-4332-875C-CFB89CFE2A1F}.Release|x64.ActiveCfg = Release|Any CPU
		{90CB8A2D-921D-4332-875C-CFB89CFE2A1F}.Release|x64.Build.0 = Release|Any CPU
		{90CB8A2D-921D-4332-875C-CFB89CFE2A1F}.Release|x86.ActiveCfg = Release|Any CPU
		{90CB8A2D-921D-4332-875C-CFB89CFE2A1F}.Release|x86.Build.0 = Release|Any CPU
		{58F50FE2-7B47-40F6-B725-9B78331FA590}.Debug|Any CPU.ActiveCfg = Debug|Any CPU
		{58F50FE2-7B47-40F6-B725-9B78331FA590}.Debug|Any CPU.Build.0 = Debug|Any CPU
		{58F50FE2-7B47-40F6-B725-9B78331FA590}.Debug|x64.ActiveCfg = Debug|Any CPU
		{58F50FE2-7B47-40F6-B725-9B78331FA590}.Debug|x64.Build.0 = Debug|Any CPU
		{58F50FE2-7B47-40F6-B725-9B78331FA590}.Debug|x86.ActiveCfg = Debug|Any CPU
		{58F50FE2-7B47-40F6-B725-9B78331FA590}.Debug|x86.Build.0 = Debug|Any CPU
		{58F50FE2-7B47-40F6-B725-9B78331FA590}.Release|Any CPU.ActiveCfg = Release|Any CPU
		{58F50FE2-7B47-40F6-B725-9B78331FA590}.Release|Any CPU.Build.0 = Release|Any CPU
		{58F50FE2-7B47-40F6-B725-9B78331FA590}.Release|x64.ActiveCfg = Release|Any CPU
		{58F50FE2-7B47-40F6-B725-9B78331FA590}.Release|x64.Build.0 = Release|Any CPU
		{58F50FE2-7B47-40F6-B725-9B78331FA590}.Release|x86.ActiveCfg = Release|Any CPU
		{58F50FE2-7B47-40F6-B725-9B78331FA590}.Release|x86.Build.0 = Release|Any CPU
		{74283BEC-AA80-4E93-A042-40F21C3AC677}.Debug|Any CPU.ActiveCfg = Debug|Any CPU
		{74283BEC-AA80-4E93-A042-40F21C3AC677}.Debug|Any CPU.Build.0 = Debug|Any CPU
		{74283BEC-AA80-4E93-A042-40F21C3AC677}.Debug|x64.ActiveCfg = Debug|Any CPU
		{74283BEC-AA80-4E93-A042-40F21C3AC677}.Debug|x64.Build.0 = Debug|Any CPU
		{74283BEC-AA80-4E93-A042-40F21C3AC677}.Debug|x86.ActiveCfg = Debug|Any CPU
		{74283BEC-AA80-4E93-A042-40F21C3AC677}.Debug|x86.Build.0 = Debug|Any CPU
		{74283BEC-AA80-4E93-A042-40F21C3AC677}.Release|Any CPU.ActiveCfg = Release|Any CPU
		{74283BEC-AA80-4E93-A042-40F21C3AC677}.Release|Any CPU.Build.0 = Release|Any CPU
		{74283BEC-AA80-4E93-A042-40F21C3AC677}.Release|x64.ActiveCfg = Release|Any CPU
		{74283BEC-AA80-4E93-A042-40F21C3AC677}.Release|x64.Build.0 = Release|Any CPU
		{74283BEC-AA80-4E93-A042-40F21C3AC677}.Release|x86.ActiveCfg = Release|Any CPU
		{74283BEC-AA80-4E93-A042-40F21C3AC677}.Release|x86.Build.0 = Release|Any CPU
		{30F2F107-71A3-44F1-B373-1D826B3038D8}.Debug|Any CPU.ActiveCfg = Debug|Any CPU
		{30F2F107-71A3-44F1-B373-1D826B3038D8}.Debug|Any CPU.Build.0 = Debug|Any CPU
		{30F2F107-71A3-44F1-B373-1D826B3038D8}.Debug|x64.ActiveCfg = Debug|Any CPU
		{30F2F107-71A3-44F1-B373-1D826B3038D8}.Debug|x64.Build.0 = Debug|Any CPU
		{30F2F107-71A3-44F1-B373-1D826B3038D8}.Debug|x86.ActiveCfg = Debug|Any CPU
		{30F2F107-71A3-44F1-B373-1D826B3038D8}.Debug|x86.Build.0 = Debug|Any CPU
		{30F2F107-71A3-44F1-B373-1D826B3038D8}.Release|Any CPU.ActiveCfg = Release|Any CPU
		{30F2F107-71A3-44F1-B373-1D826B3038D8}.Release|Any CPU.Build.0 = Release|Any CPU
		{30F2F107-71A3-44F1-B373-1D826B3038D8}.Release|x64.ActiveCfg = Release|Any CPU
		{30F2F107-71A3-44F1-B373-1D826B3038D8}.Release|x64.Build.0 = Release|Any CPU
		{30F2F107-71A3-44F1-B373-1D826B3038D8}.Release|x86.ActiveCfg = Release|Any CPU
		{30F2F107-71A3-44F1-B373-1D826B3038D8}.Release|x86.Build.0 = Release|Any CPU
		{24567355-9F73-404A-82FC-F9CED1D9087E}.Debug|Any CPU.ActiveCfg = Debug|Any CPU
		{24567355-9F73-404A-82FC-F9CED1D9087E}.Debug|Any CPU.Build.0 = Debug|Any CPU
		{24567355-9F73-404A-82FC-F9CED1D9087E}.Debug|x64.ActiveCfg = Debug|Any CPU
		{24567355-9F73-404A-82FC-F9CED1D9087E}.Debug|x64.Build.0 = Debug|Any CPU
		{24567355-9F73-404A-82FC-F9CED1D9087E}.Debug|x86.ActiveCfg = Debug|Any CPU
		{24567355-9F73-404A-82FC-F9CED1D9087E}.Debug|x86.Build.0 = Debug|Any CPU
		{24567355-9F73-404A-82FC-F9CED1D9087E}.Release|Any CPU.ActiveCfg = Release|Any CPU
		{24567355-9F73-404A-82FC-F9CED1D9087E}.Release|Any CPU.Build.0 = Release|Any CPU
		{24567355-9F73-404A-82FC-F9CED1D9087E}.Release|x64.ActiveCfg = Release|Any CPU
		{24567355-9F73-404A-82FC-F9CED1D9087E}.Release|x64.Build.0 = Release|Any CPU
		{24567355-9F73-404A-82FC-F9CED1D9087E}.Release|x86.ActiveCfg = Release|Any CPU
		{24567355-9F73-404A-82FC-F9CED1D9087E}.Release|x86.Build.0 = Release|Any CPU
	EndGlobalSection
	GlobalSection(SolutionProperties) = preSolution
		HideSolutionNode = FALSE
	EndGlobalSection
	GlobalSection(NestedProjects) = preSolution
		{092A6CC9-E518-4172-BE79-44613A24B70B} = {827E0CD3-B72D-47B6-A68D-7590B98EB39B}
		{90CB8A2D-921D-4332-875C-CFB89CFE2A1F} = {827E0CD3-B72D-47B6-A68D-7590B98EB39B}
		{58F50FE2-7B47-40F6-B725-9B78331FA590} = {827E0CD3-B72D-47B6-A68D-7590B98EB39B}
		{74283BEC-AA80-4E93-A042-40F21C3AC677} = {07C2787E-EAC7-C090-1BA3-A61EC2A24D84}
		{30F2F107-71A3-44F1-B373-1D826B3038D8} = {0AB3BF05-4346-4AA6-1389-037BE0695223}
		{24567355-9F73-404A-82FC-F9CED1D9087E} = {0AB3BF05-4346-4AA6-1389-037BE0695223}
	EndGlobalSection
EndGlobal
